// !$*UTF8*$!
{
	archiveVersion = 1;
	classes = {
	};
	objectVersion = 48;
	objects = {

/* Begin PBXBuildFile section */
		1043C7B41FCD13E200D5E0E3 /* AppDelegate.swift in Sources */ = {isa = PBXBuildFile; fileRef = 1043C7B31FCD13E200D5E0E3 /* AppDelegate.swift */; };
		1043C7B61FCD13E200D5E0E3 /* ViewController.swift in Sources */ = {isa = PBXBuildFile; fileRef = 1043C7B51FCD13E200D5E0E3 /* ViewController.swift */; };
		1043C7B91FCD13E200D5E0E3 /* Main.storyboard in Resources */ = {isa = PBXBuildFile; fileRef = 1043C7B71FCD13E200D5E0E3 /* Main.storyboard */; };
		1043C7BC1FCD13E300D5E0E3 /* Healthy_Heart.xcdatamodeld in Sources */ = {isa = PBXBuildFile; fileRef = 1043C7BA1FCD13E300D5E0E3 /* Healthy_Heart.xcdatamodeld */; };
		1043C7BE1FCD13E300D5E0E3 /* Assets.xcassets in Resources */ = {isa = PBXBuildFile; fileRef = 1043C7BD1FCD13E300D5E0E3 /* Assets.xcassets */; };
		1043C7C11FCD13E300D5E0E3 /* LaunchScreen.storyboard in Resources */ = {isa = PBXBuildFile; fileRef = 1043C7BF1FCD13E300D5E0E3 /* LaunchScreen.storyboard */; };
		1043C7CC1FCD13E300D5E0E3 /* Healthy_HeartTests.swift in Sources */ = {isa = PBXBuildFile; fileRef = 1043C7CB1FCD13E300D5E0E3 /* Healthy_HeartTests.swift */; };
		1043C7D71FCD13E300D5E0E3 /* Healthy_HeartUITests.swift in Sources */ = {isa = PBXBuildFile; fileRef = 1043C7D61FCD13E300D5E0E3 /* Healthy_HeartUITests.swift */; };
		1043C7E71FCD142000D5E0E3 /* Notifications.swift in Sources */ = {isa = PBXBuildFile; fileRef = 1043C7E61FCD142000D5E0E3 /* Notifications.swift */; };
		1043C7E91FCD1D3F00D5E0E3 /* GoogleService-Info.plist in Resources */ = {isa = PBXBuildFile; fileRef = 1043C7E81FCD1D3F00D5E0E3 /* GoogleService-Info.plist */; };
		10BD56F31FCE0B9100702F6D /* Notes.swift in Sources */ = {isa = PBXBuildFile; fileRef = 10BD56F21FCE0B9100702F6D /* Notes.swift */; };
		10BD56F51FCE1C8C00702F6D /* MapKit.framework in Frameworks */ = {isa = PBXBuildFile; fileRef = 10BD56F41FCE1C8C00702F6D /* MapKit.framework */; };
		10BD56F91FCE619900702F6D /* HealthKit.framework in Frameworks */ = {isa = PBXBuildFile; fileRef = 10BD56F81FCE619800702F6D /* HealthKit.framework */; };
		10BD56FB1FCE774000702F6D /* MapsF.swift in Sources */ = {isa = PBXBuildFile; fileRef = 10BD56FA1FCE773F00702F6D /* MapsF.swift */; };
		1E84CFA8EC22BB3811D1C0F7 /* Pods_Healthy_HeartTests.framework in Frameworks */ = {isa = PBXBuildFile; fileRef = CCE560B24307EAA8F65E1BF2 /* Pods_Healthy_HeartTests.framework */; };
		7D504985E59045E06E03B59A /* Pods_Healthy_Heart.framework in Frameworks */ = {isa = PBXBuildFile; fileRef = 59616FCA77C3416544796D8D /* Pods_Healthy_Heart.framework */; };
		86BDC022AF59A657E2108ADC /* Pods_Healthy_HeartUITests.framework in Frameworks */ = {isa = PBXBuildFile; fileRef = D7B4B6606A414EB70DC6F0DB /* Pods_Healthy_HeartUITests.framework */; };
/* End PBXBuildFile section */

/* Begin PBXContainerItemProxy section */
		1043C7C81FCD13E300D5E0E3 /* PBXContainerItemProxy */ = {
			isa = PBXContainerItemProxy;
			containerPortal = 1043C7A81FCD13E200D5E0E3 /* Project object */;
			proxyType = 1;
			remoteGlobalIDString = 1043C7AF1FCD13E200D5E0E3;
			remoteInfo = "Healthy Heart";
		};
		1043C7D31FCD13E300D5E0E3 /* PBXContainerItemProxy */ = {
			isa = PBXContainerItemProxy;
			containerPortal = 1043C7A81FCD13E200D5E0E3 /* Project object */;
			proxyType = 1;
			remoteGlobalIDString = 1043C7AF1FCD13E200D5E0E3;
			remoteInfo = "Healthy Heart";
		};
/* End PBXContainerItemProxy section */

/* Begin PBXFileReference section */
		1043C7B01FCD13E200D5E0E3 /* Healthy Heart.app */ = {isa = PBXFileReference; explicitFileType = wrapper.application; includeInIndex = 0; path = "Healthy Heart.app"; sourceTree = BUILT_PRODUCTS_DIR; };
		1043C7B31FCD13E200D5E0E3 /* AppDelegate.swift */ = {isa = PBXFileReference; lastKnownFileType = sourcecode.swift; path = AppDelegate.swift; sourceTree = "<group>"; };
		1043C7B51FCD13E200D5E0E3 /* ViewController.swift */ = {isa = PBXFileReference; lastKnownFileType = sourcecode.swift; path = ViewController.swift; sourceTree = "<group>"; };
		1043C7B81FCD13E200D5E0E3 /* Base */ = {isa = PBXFileReference; lastKnownFileType = file.storyboard; name = Base; path = Base.lproj/Main.storyboard; sourceTree = "<group>"; };
		1043C7BB1FCD13E300D5E0E3 /* Healthy_Heart.xcdatamodel */ = {isa = PBXFileReference; lastKnownFileType = wrapper.xcdatamodel; path = Healthy_Heart.xcdatamodel; sourceTree = "<group>"; };
		1043C7BD1FCD13E300D5E0E3 /* Assets.xcassets */ = {isa = PBXFileReference; lastKnownFileType = folder.assetcatalog; path = Assets.xcassets; sourceTree = "<group>"; };
		1043C7C01FCD13E300D5E0E3 /* Base */ = {isa = PBXFileReference; lastKnownFileType = file.storyboard; name = Base; path = Base.lproj/LaunchScreen.storyboard; sourceTree = "<group>"; };
		1043C7C21FCD13E300D5E0E3 /* Info.plist */ = {isa = PBXFileReference; lastKnownFileType = text.plist.xml; path = Info.plist; sourceTree = "<group>"; };
		1043C7C71FCD13E300D5E0E3 /* Healthy HeartTests.xctest */ = {isa = PBXFileReference; explicitFileType = wrapper.cfbundle; includeInIndex = 0; path = "Healthy HeartTests.xctest"; sourceTree = BUILT_PRODUCTS_DIR; };
		1043C7CB1FCD13E300D5E0E3 /* Healthy_HeartTests.swift */ = {isa = PBXFileReference; lastKnownFileType = sourcecode.swift; path = Healthy_HeartTests.swift; sourceTree = "<group>"; };
		1043C7CD1FCD13E300D5E0E3 /* Info.plist */ = {isa = PBXFileReference; lastKnownFileType = text.plist.xml; path = Info.plist; sourceTree = "<group>"; };
		1043C7D21FCD13E300D5E0E3 /* Healthy HeartUITests.xctest */ = {isa = PBXFileReference; explicitFileType = wrapper.cfbundle; includeInIndex = 0; path = "Healthy HeartUITests.xctest"; sourceTree = BUILT_PRODUCTS_DIR; };
		1043C7D61FCD13E300D5E0E3 /* Healthy_HeartUITests.swift */ = {isa = PBXFileReference; lastKnownFileType = sourcecode.swift; path = Healthy_HeartUITests.swift; sourceTree = "<group>"; };
		1043C7D81FCD13E300D5E0E3 /* Info.plist */ = {isa = PBXFileReference; lastKnownFileType = text.plist.xml; path = Info.plist; sourceTree = "<group>"; };
		1043C7E61FCD142000D5E0E3 /* Notifications.swift */ = {isa = PBXFileReference; lastKnownFileType = sourcecode.swift; path = Notifications.swift; sourceTree = "<group>"; };
		1043C7E81FCD1D3F00D5E0E3 /* GoogleService-Info.plist */ = {isa = PBXFileReference; fileEncoding = 4; lastKnownFileType = text.plist.xml; name = "GoogleService-Info.plist"; path = "../../../../../Otros/GoogleService-Info.plist"; sourceTree = "<group>"; };
		10BD56F21FCE0B9100702F6D /* Notes.swift */ = {isa = PBXFileReference; lastKnownFileType = sourcecode.swift; path = Notes.swift; sourceTree = "<group>"; };
		10BD56F41FCE1C8C00702F6D /* MapKit.framework */ = {isa = PBXFileReference; lastKnownFileType = wrapper.framework; name = MapKit.framework; path = System/Library/Frameworks/MapKit.framework; sourceTree = SDKROOT; };
		10BD56F81FCE619800702F6D /* HealthKit.framework */ = {isa = PBXFileReference; lastKnownFileType = wrapper.framework; name = HealthKit.framework; path = System/Library/Frameworks/HealthKit.framework; sourceTree = SDKROOT; };
		10BD56FA1FCE773F00702F6D /* MapsF.swift */ = {isa = PBXFileReference; lastKnownFileType = sourcecode.swift; path = MapsF.swift; sourceTree = "<group>"; };
		10E863331FCD2EFA00127254 /* Healthy Heart.entitlements */ = {isa = PBXFileReference; lastKnownFileType = text.plist.entitlements; path = "Healthy Heart.entitlements"; sourceTree = "<group>"; };
		59616FCA77C3416544796D8D /* Pods_Healthy_Heart.framework */ = {isa = PBXFileReference; explicitFileType = wrapper.framework; includeInIndex = 0; path = Pods_Healthy_Heart.framework; sourceTree = BUILT_PRODUCTS_DIR; };
		95E8EB1960CD7B3B686358D5 /* Pods-Healthy HeartUITests.debug.xcconfig */ = {isa = PBXFileReference; includeInIndex = 1; lastKnownFileType = text.xcconfig; name = "Pods-Healthy HeartUITests.debug.xcconfig"; path = "Pods/Target Support Files/Pods-Healthy HeartUITests/Pods-Healthy HeartUITests.debug.xcconfig"; sourceTree = "<group>"; };
		B2F830CBD2450969EE7C236A /* Pods-Healthy Heart.release.xcconfig */ = {isa = PBXFileReference; includeInIndex = 1; lastKnownFileType = text.xcconfig; name = "Pods-Healthy Heart.release.xcconfig"; path = "Pods/Target Support Files/Pods-Healthy Heart/Pods-Healthy Heart.release.xcconfig"; sourceTree = "<group>"; };
		B47941F7B9714670C0C62B2B /* Pods-Healthy HeartTests.release.xcconfig */ = {isa = PBXFileReference; includeInIndex = 1; lastKnownFileType = text.xcconfig; name = "Pods-Healthy HeartTests.release.xcconfig"; path = "Pods/Target Support Files/Pods-Healthy HeartTests/Pods-Healthy HeartTests.release.xcconfig"; sourceTree = "<group>"; };
		CCE560B24307EAA8F65E1BF2 /* Pods_Healthy_HeartTests.framework */ = {isa = PBXFileReference; explicitFileType = wrapper.framework; includeInIndex = 0; path = Pods_Healthy_HeartTests.framework; sourceTree = BUILT_PRODUCTS_DIR; };
		D7B4B6606A414EB70DC6F0DB /* Pods_Healthy_HeartUITests.framework */ = {isa = PBXFileReference; explicitFileType = wrapper.framework; includeInIndex = 0; path = Pods_Healthy_HeartUITests.framework; sourceTree = BUILT_PRODUCTS_DIR; };
		EC9412C2E9E8659E136E66AD /* Pods-Healthy HeartTests.debug.xcconfig */ = {isa = PBXFileReference; includeInIndex = 1; lastKnownFileType = text.xcconfig; name = "Pods-Healthy HeartTests.debug.xcconfig"; path = "Pods/Target Support Files/Pods-Healthy HeartTests/Pods-Healthy HeartTests.debug.xcconfig"; sourceTree = "<group>"; };
		ECE6E5BA72DDFD5D834FA7C6 /* Pods-Healthy Heart.debug.xcconfig */ = {isa = PBXFileReference; includeInIndex = 1; lastKnownFileType = text.xcconfig; name = "Pods-Healthy Heart.debug.xcconfig"; path = "Pods/Target Support Files/Pods-Healthy Heart/Pods-Healthy Heart.debug.xcconfig"; sourceTree = "<group>"; };
		F8BBEE2D226FD9FC653052CD /* Pods-Healthy HeartUITests.release.xcconfig */ = {isa = PBXFileReference; includeInIndex = 1; lastKnownFileType = text.xcconfig; name = "Pods-Healthy HeartUITests.release.xcconfig"; path = "Pods/Target Support Files/Pods-Healthy HeartUITests/Pods-Healthy HeartUITests.release.xcconfig"; sourceTree = "<group>"; };
/* End PBXFileReference section */

/* Begin PBXFrameworksBuildPhase section */
		1043C7AD1FCD13E200D5E0E3 /* Frameworks */ = {
			isa = PBXFrameworksBuildPhase;
			buildActionMask = 2147483647;
			files = (
				10BD56F91FCE619900702F6D /* HealthKit.framework in Frameworks */,
				10BD56F51FCE1C8C00702F6D /* MapKit.framework in Frameworks */,
				7D504985E59045E06E03B59A /* Pods_Healthy_Heart.framework in Frameworks */,
			);
			runOnlyForDeploymentPostprocessing = 0;
		};
		1043C7C41FCD13E300D5E0E3 /* Frameworks */ = {
			isa = PBXFrameworksBuildPhase;
			buildActionMask = 2147483647;
			files = (
				1E84CFA8EC22BB3811D1C0F7 /* Pods_Healthy_HeartTests.framework in Frameworks */,
			);
			runOnlyForDeploymentPostprocessing = 0;
		};
		1043C7CF1FCD13E300D5E0E3 /* Frameworks */ = {
			isa = PBXFrameworksBuildPhase;
			buildActionMask = 2147483647;
			files = (
				86BDC022AF59A657E2108ADC /* Pods_Healthy_HeartUITests.framework in Frameworks */,
			);
			runOnlyForDeploymentPostprocessing = 0;
		};
/* End PBXFrameworksBuildPhase section */

/* Begin PBXGroup section */
		1043C7A71FCD13E200D5E0E3 = {
			isa = PBXGroup;
			children = (
				1043C7CA1FCD13E300D5E0E3 /* Healthy HeartTests */,
				1043C7D51FCD13E300D5E0E3 /* Healthy HeartUITests */,
				1043C7B11FCD13E200D5E0E3 /* Products */,
				59B43B92FA66ED5351475262 /* Pods */,
				8D3F186DE1E18FA444DB1FC0 /* Frameworks */,
				1043C7B21FCD13E200D5E0E3 /* Healthy Heart */,
			);
			sourceTree = "<group>";
		};
		1043C7B11FCD13E200D5E0E3 /* Products */ = {
			isa = PBXGroup;
			children = (
				1043C7B01FCD13E200D5E0E3 /* Healthy Heart.app */,
				1043C7C71FCD13E300D5E0E3 /* Healthy HeartTests.xctest */,
				1043C7D21FCD13E300D5E0E3 /* Healthy HeartUITests.xctest */,
			);
			name = Products;
			sourceTree = "<group>";
		};
		1043C7B21FCD13E200D5E0E3 /* Healthy Heart */ = {
			isa = PBXGroup;
			children = (
				10E863331FCD2EFA00127254 /* Healthy Heart.entitlements */,
				1043C7BD1FCD13E300D5E0E3 /* Assets.xcassets */,
				10BD56F11FCE0B5500702F6D /* Others */,
				1043C7E41FCD13F800D5E0E3 /* Functions */,
				1043C7E51FCD140100D5E0E3 /* Autentication */,
				10BD56F61FCE3CFA00702F6D /* Maps */,
				1043C7B31FCD13E200D5E0E3 /* AppDelegate.swift */,
				1043C7B51FCD13E200D5E0E3 /* ViewController.swift */,
				1043C7B71FCD13E200D5E0E3 /* Main.storyboard */,
				1043C7BF1FCD13E300D5E0E3 /* LaunchScreen.storyboard */,
				1043C7C21FCD13E300D5E0E3 /* Info.plist */,
				1043C7BA1FCD13E300D5E0E3 /* Healthy_Heart.xcdatamodeld */,
				1043C7E81FCD1D3F00D5E0E3 /* GoogleService-Info.plist */,
			);
			path = "Healthy Heart";
			sourceTree = "<group>";
		};
		1043C7CA1FCD13E300D5E0E3 /* Healthy HeartTests */ = {
			isa = PBXGroup;
			children = (
				1043C7CB1FCD13E300D5E0E3 /* Healthy_HeartTests.swift */,
				1043C7CD1FCD13E300D5E0E3 /* Info.plist */,
			);
			path = "Healthy HeartTests";
			sourceTree = "<group>";
		};
		1043C7D51FCD13E300D5E0E3 /* Healthy HeartUITests */ = {
			isa = PBXGroup;
			children = (
				1043C7D61FCD13E300D5E0E3 /* Healthy_HeartUITests.swift */,
				1043C7D81FCD13E300D5E0E3 /* Info.plist */,
			);
			path = "Healthy HeartUITests";
			sourceTree = "<group>";
		};
		1043C7E41FCD13F800D5E0E3 /* Functions */ = {
			isa = PBXGroup;
			children = (
				1043C7E61FCD142000D5E0E3 /* Notifications.swift */,
				10BD56FA1FCE773F00702F6D /* MapsF.swift */,
			);
			path = Functions;
			sourceTree = "<group>";
		};
		1043C7E51FCD140100D5E0E3 /* Autentication */ = {
			isa = PBXGroup;
			children = (
			);
			path = Autentication;
			sourceTree = "<group>";
		};
		10BD56F11FCE0B5500702F6D /* Others */ = {
			isa = PBXGroup;
			children = (
				10BD56F21FCE0B9100702F6D /* Notes.swift */,
			);
			path = Others;
			sourceTree = "<group>";
		};
		10BD56F61FCE3CFA00702F6D /* Maps */ = {
			isa = PBXGroup;
			children = (
				10BD56F71FCE3DA900702F6D /* Controllers */,
			);
			path = Maps;
			sourceTree = "<group>";
		};
		10BD56F71FCE3DA900702F6D /* Controllers */ = {
			isa = PBXGroup;
			children = (
			);
			path = Controllers;
			sourceTree = "<group>";
		};
		59B43B92FA66ED5351475262 /* Pods */ = {
			isa = PBXGroup;
			children = (
				ECE6E5BA72DDFD5D834FA7C6 /* Pods-Healthy Heart.debug.xcconfig */,
				B2F830CBD2450969EE7C236A /* Pods-Healthy Heart.release.xcconfig */,
				EC9412C2E9E8659E136E66AD /* Pods-Healthy HeartTests.debug.xcconfig */,
				B47941F7B9714670C0C62B2B /* Pods-Healthy HeartTests.release.xcconfig */,
				95E8EB1960CD7B3B686358D5 /* Pods-Healthy HeartUITests.debug.xcconfig */,
				F8BBEE2D226FD9FC653052CD /* Pods-Healthy HeartUITests.release.xcconfig */,
			);
			name = Pods;
			sourceTree = "<group>";
		};
		8D3F186DE1E18FA444DB1FC0 /* Frameworks */ = {
			isa = PBXGroup;
			children = (
				10BD56F81FCE619800702F6D /* HealthKit.framework */,
				10BD56F41FCE1C8C00702F6D /* MapKit.framework */,
				59616FCA77C3416544796D8D /* Pods_Healthy_Heart.framework */,
				CCE560B24307EAA8F65E1BF2 /* Pods_Healthy_HeartTests.framework */,
				D7B4B6606A414EB70DC6F0DB /* Pods_Healthy_HeartUITests.framework */,
			);
			name = Frameworks;
			sourceTree = "<group>";
		};
/* End PBXGroup section */

/* Begin PBXNativeTarget section */
		1043C7AF1FCD13E200D5E0E3 /* Healthy Heart */ = {
			isa = PBXNativeTarget;
			buildConfigurationList = 1043C7DB1FCD13E300D5E0E3 /* Build configuration list for PBXNativeTarget "Healthy Heart" */;
			buildPhases = (
				5996A60966CEE3A12D20FA58 /* [CP] Check Pods Manifest.lock */,
				1043C7AC1FCD13E200D5E0E3 /* Sources */,
				1043C7AD1FCD13E200D5E0E3 /* Frameworks */,
				1043C7AE1FCD13E200D5E0E3 /* Resources */,
				2C776A29B2347CC23E5AC6A2 /* [CP] Embed Pods Frameworks */,
				F3DC0ABB049E7BA83B6DB58F /* [CP] Copy Pods Resources */,
			);
			buildRules = (
			);
			dependencies = (
			);
			name = "Healthy Heart";
			productName = "Healthy Heart";
			productReference = 1043C7B01FCD13E200D5E0E3 /* Healthy Heart.app */;
			productType = "com.apple.product-type.application";
		};
		1043C7C61FCD13E300D5E0E3 /* Healthy HeartTests */ = {
			isa = PBXNativeTarget;
			buildConfigurationList = 1043C7DE1FCD13E300D5E0E3 /* Build configuration list for PBXNativeTarget "Healthy HeartTests" */;
			buildPhases = (
				E3E2A8717020BF21D3E94996 /* [CP] Check Pods Manifest.lock */,
				1043C7C31FCD13E300D5E0E3 /* Sources */,
				1043C7C41FCD13E300D5E0E3 /* Frameworks */,
				1043C7C51FCD13E300D5E0E3 /* Resources */,
				41F5E51E16CE4AF9EE3B8B93 /* [CP] Embed Pods Frameworks */,
				DCECD7882EF0731C6D74733D /* [CP] Copy Pods Resources */,
			);
			buildRules = (
			);
			dependencies = (
				1043C7C91FCD13E300D5E0E3 /* PBXTargetDependency */,
			);
			name = "Healthy HeartTests";
			productName = "Healthy HeartTests";
			productReference = 1043C7C71FCD13E300D5E0E3 /* Healthy HeartTests.xctest */;
			productType = "com.apple.product-type.bundle.unit-test";
		};
		1043C7D11FCD13E300D5E0E3 /* Healthy HeartUITests */ = {
			isa = PBXNativeTarget;
			buildConfigurationList = 1043C7E11FCD13E300D5E0E3 /* Build configuration list for PBXNativeTarget "Healthy HeartUITests" */;
			buildPhases = (
				1A28FACF9B47ADC5FE22D776 /* [CP] Check Pods Manifest.lock */,
				1043C7CE1FCD13E300D5E0E3 /* Sources */,
				1043C7CF1FCD13E300D5E0E3 /* Frameworks */,
				1043C7D01FCD13E300D5E0E3 /* Resources */,
				7C9BA75AC4780E96695642AF /* [CP] Embed Pods Frameworks */,
				AC76EBBE3CB1F54CA863B611 /* [CP] Copy Pods Resources */,
			);
			buildRules = (
			);
			dependencies = (
				1043C7D41FCD13E300D5E0E3 /* PBXTargetDependency */,
			);
			name = "Healthy HeartUITests";
			productName = "Healthy HeartUITests";
			productReference = 1043C7D21FCD13E300D5E0E3 /* Healthy HeartUITests.xctest */;
			productType = "com.apple.product-type.bundle.ui-testing";
		};
/* End PBXNativeTarget section */

/* Begin PBXProject section */
		1043C7A81FCD13E200D5E0E3 /* Project object */ = {
			isa = PBXProject;
			attributes = {
				LastSwiftUpdateCheck = 0910;
				LastUpgradeCheck = 0910;
				ORGANIZATIONNAME = IPN;
				TargetAttributes = {
					1043C7AF1FCD13E200D5E0E3 = {
						CreatedOnToolsVersion = 9.1;
						ProvisioningStyle = Automatic;
						SystemCapabilities = {
							com.apple.HealthKit = {
								enabled = 1;
							};
							com.apple.Keychain = {
								enabled = 1;
							};
							com.apple.Maps.iOS = {
								enabled = 1;
							};
						};
					};
					1043C7C61FCD13E300D5E0E3 = {
						CreatedOnToolsVersion = 9.1;
						ProvisioningStyle = Automatic;
						TestTargetID = 1043C7AF1FCD13E200D5E0E3;
					};
					1043C7D11FCD13E300D5E0E3 = {
						CreatedOnToolsVersion = 9.1;
						ProvisioningStyle = Automatic;
						TestTargetID = 1043C7AF1FCD13E200D5E0E3;
					};
				};
			};
			buildConfigurationList = 1043C7AB1FCD13E200D5E0E3 /* Build configuration list for PBXProject "Healthy Heart" */;
			compatibilityVersion = "Xcode 8.0";
			developmentRegion = en;
			hasScannedForEncodings = 0;
			knownRegions = (
				en,
				Base,
			);
			mainGroup = 1043C7A71FCD13E200D5E0E3;
			productRefGroup = 1043C7B11FCD13E200D5E0E3 /* Products */;
			projectDirPath = "";
			projectRoot = "";
			targets = (
				1043C7AF1FCD13E200D5E0E3 /* Healthy Heart */,
				1043C7C61FCD13E300D5E0E3 /* Healthy HeartTests */,
				1043C7D11FCD13E300D5E0E3 /* Healthy HeartUITests */,
			);
		};
/* End PBXProject section */

/* Begin PBXResourcesBuildPhase section */
		1043C7AE1FCD13E200D5E0E3 /* Resources */ = {
			isa = PBXResourcesBuildPhase;
			buildActionMask = 2147483647;
			files = (
				1043C7C11FCD13E300D5E0E3 /* LaunchScreen.storyboard in Resources */,
				1043C7E91FCD1D3F00D5E0E3 /* GoogleService-Info.plist in Resources */,
				1043C7BE1FCD13E300D5E0E3 /* Assets.xcassets in Resources */,
				1043C7B91FCD13E200D5E0E3 /* Main.storyboard in Resources */,
			);
			runOnlyForDeploymentPostprocessing = 0;
		};
		1043C7C51FCD13E300D5E0E3 /* Resources */ = {
			isa = PBXResourcesBuildPhase;
			buildActionMask = 2147483647;
			files = (
			);
			runOnlyForDeploymentPostprocessing = 0;
		};
		1043C7D01FCD13E300D5E0E3 /* Resources */ = {
			isa = PBXResourcesBuildPhase;
			buildActionMask = 2147483647;
			files = (
			);
			runOnlyForDeploymentPostprocessing = 0;
		};
/* End PBXResourcesBuildPhase section */

/* Begin PBXShellScriptBuildPhase section */
		1A28FACF9B47ADC5FE22D776 /* [CP] Check Pods Manifest.lock */ = {
			isa = PBXShellScriptBuildPhase;
			buildActionMask = 2147483647;
			files = (
			);
			inputPaths = (
				"${PODS_PODFILE_DIR_PATH}/Podfile.lock",
				"${PODS_ROOT}/Manifest.lock",
			);
			name = "[CP] Check Pods Manifest.lock";
			outputPaths = (
				"$(DERIVED_FILE_DIR)/Pods-Healthy HeartUITests-checkManifestLockResult.txt",
			);
			runOnlyForDeploymentPostprocessing = 0;
			shellPath = /bin/sh;
			shellScript = "diff \"${PODS_PODFILE_DIR_PATH}/Podfile.lock\" \"${PODS_ROOT}/Manifest.lock\" > /dev/null\nif [ $? != 0 ] ; then\n    # print error to STDERR\n    echo \"error: The sandbox is not in sync with the Podfile.lock. Run 'pod install' or update your CocoaPods installation.\" >&2\n    exit 1\nfi\n# This output is used by Xcode 'outputs' to avoid re-running this script phase.\necho \"SUCCESS\" > \"${SCRIPT_OUTPUT_FILE_0}\"\n";
			showEnvVarsInLog = 0;
		};
		2C776A29B2347CC23E5AC6A2 /* [CP] Embed Pods Frameworks */ = {
			isa = PBXShellScriptBuildPhase;
			buildActionMask = 2147483647;
			files = (
			);
			inputPaths = (
				"${SRCROOT}/Pods/Target Support Files/Pods-Healthy Heart/Pods-Healthy Heart-frameworks.sh",
				"${BUILT_PRODUCTS_DIR}/GoogleToolboxForMac/GoogleToolboxForMac.framework",
				"${BUILT_PRODUCTS_DIR}/nanopb/nanopb.framework",
			);
			name = "[CP] Embed Pods Frameworks";
			outputPaths = (
				"${TARGET_BUILD_DIR}/${FRAMEWORKS_FOLDER_PATH}/GoogleToolboxForMac.framework",
				"${TARGET_BUILD_DIR}/${FRAMEWORKS_FOLDER_PATH}/nanopb.framework",
			);
			runOnlyForDeploymentPostprocessing = 0;
			shellPath = /bin/sh;
			shellScript = "\"${SRCROOT}/Pods/Target Support Files/Pods-Healthy Heart/Pods-Healthy Heart-frameworks.sh\"\n";
			showEnvVarsInLog = 0;
		};
		41F5E51E16CE4AF9EE3B8B93 /* [CP] Embed Pods Frameworks */ = {
			isa = PBXShellScriptBuildPhase;
			buildActionMask = 2147483647;
			files = (
			);
			inputPaths = (
			);
			name = "[CP] Embed Pods Frameworks";
			outputPaths = (
			);
			runOnlyForDeploymentPostprocessing = 0;
			shellPath = /bin/sh;
			shellScript = "\"${SRCROOT}/Pods/Target Support Files/Pods-Healthy HeartTests/Pods-Healthy HeartTests-frameworks.sh\"\n";
			showEnvVarsInLog = 0;
		};
		5996A60966CEE3A12D20FA58 /* [CP] Check Pods Manifest.lock */ = {
			isa = PBXShellScriptBuildPhase;
			buildActionMask = 2147483647;
			files = (
			);
			inputPaths = (
				"${PODS_PODFILE_DIR_PATH}/Podfile.lock",
				"${PODS_ROOT}/Manifest.lock",
			);
			name = "[CP] Check Pods Manifest.lock";
			outputPaths = (
				"$(DERIVED_FILE_DIR)/Pods-Healthy Heart-checkManifestLockResult.txt",
			);
			runOnlyForDeploymentPostprocessing = 0;
			shellPath = /bin/sh;
			shellScript = "diff \"${PODS_PODFILE_DIR_PATH}/Podfile.lock\" \"${PODS_ROOT}/Manifest.lock\" > /dev/null\nif [ $? != 0 ] ; then\n    # print error to STDERR\n    echo \"error: The sandbox is not in sync with the Podfile.lock. Run 'pod install' or update your CocoaPods installation.\" >&2\n    exit 1\nfi\n# This output is used by Xcode 'outputs' to avoid re-running this script phase.\necho \"SUCCESS\" > \"${SCRIPT_OUTPUT_FILE_0}\"\n";
			showEnvVarsInLog = 0;
		};
		7C9BA75AC4780E96695642AF /* [CP] Embed Pods Frameworks */ = {
			isa = PBXShellScriptBuildPhase;
			buildActionMask = 2147483647;
			files = (
			);
			inputPaths = (
			);
			name = "[CP] Embed Pods Frameworks";
			outputPaths = (
			);
			runOnlyForDeploymentPostprocessing = 0;
			shellPath = /bin/sh;
			shellScript = "\"${SRCROOT}/Pods/Target Support Files/Pods-Healthy HeartUITests/Pods-Healthy HeartUITests-frameworks.sh\"\n";
			showEnvVarsInLog = 0;
		};
		AC76EBBE3CB1F54CA863B611 /* [CP] Copy Pods Resources */ = {
			isa = PBXShellScriptBuildPhase;
			buildActionMask = 2147483647;
			files = (
			);
			inputPaths = (
			);
			name = "[CP] Copy Pods Resources";
			outputPaths = (
			);
			runOnlyForDeploymentPostprocessing = 0;
			shellPath = /bin/sh;
			shellScript = "\"${SRCROOT}/Pods/Target Support Files/Pods-Healthy HeartUITests/Pods-Healthy HeartUITests-resources.sh\"\n";
			showEnvVarsInLog = 0;
		};
		DCECD7882EF0731C6D74733D /* [CP] Copy Pods Resources */ = {
			isa = PBXShellScriptBuildPhase;
			buildActionMask = 2147483647;
			files = (
			);
			inputPaths = (
			);
			name = "[CP] Copy Pods Resources";
			outputPaths = (
			);
			runOnlyForDeploymentPostprocessing = 0;
			shellPath = /bin/sh;
			shellScript = "\"${SRCROOT}/Pods/Target Support Files/Pods-Healthy HeartTests/Pods-Healthy HeartTests-resources.sh\"\n";
			showEnvVarsInLog = 0;
		};
		E3E2A8717020BF21D3E94996 /* [CP] Check Pods Manifest.lock */ = {
			isa = PBXShellScriptBuildPhase;
			buildActionMask = 2147483647;
			files = (
			);
			inputPaths = (
				"${PODS_PODFILE_DIR_PATH}/Podfile.lock",
				"${PODS_ROOT}/Manifest.lock",
			);
			name = "[CP] Check Pods Manifest.lock";
			outputPaths = (
				"$(DERIVED_FILE_DIR)/Pods-Healthy HeartTests-checkManifestLockResult.txt",
			);
			runOnlyForDeploymentPostprocessing = 0;
			shellPath = /bin/sh;
			shellScript = "diff \"${PODS_PODFILE_DIR_PATH}/Podfile.lock\" \"${PODS_ROOT}/Manifest.lock\" > /dev/null\nif [ $? != 0 ] ; then\n    # print error to STDERR\n    echo \"error: The sandbox is not in sync with the Podfile.lock. Run 'pod install' or update your CocoaPods installation.\" >&2\n    exit 1\nfi\n# This output is used by Xcode 'outputs' to avoid re-running this script phase.\necho \"SUCCESS\" > \"${SCRIPT_OUTPUT_FILE_0}\"\n";
			showEnvVarsInLog = 0;
		};
		F3DC0ABB049E7BA83B6DB58F /* [CP] Copy Pods Resources */ = {
			isa = PBXShellScriptBuildPhase;
			buildActionMask = 2147483647;
			files = (
			);
			inputPaths = (
			);
			name = "[CP] Copy Pods Resources";
			outputPaths = (
			);
			runOnlyForDeploymentPostprocessing = 0;
			shellPath = /bin/sh;
			shellScript = "\"${SRCROOT}/Pods/Target Support Files/Pods-Healthy Heart/Pods-Healthy Heart-resources.sh\"\n";
			showEnvVarsInLog = 0;
		};
/* End PBXShellScriptBuildPhase section */

/* Begin PBXSourcesBuildPhase section */
		1043C7AC1FCD13E200D5E0E3 /* Sources */ = {
			isa = PBXSourcesBuildPhase;
			buildActionMask = 2147483647;
			files = (
				1043C7E71FCD142000D5E0E3 /* Notifications.swift in Sources */,
				10BD56F31FCE0B9100702F6D /* Notes.swift in Sources */,
				1043C7BC1FCD13E300D5E0E3 /* Healthy_Heart.xcdatamodeld in Sources */,
				10BD56FB1FCE774000702F6D /* MapsF.swift in Sources */,
				1043C7B61FCD13E200D5E0E3 /* ViewController.swift in Sources */,
				1043C7B41FCD13E200D5E0E3 /* AppDelegate.swift in Sources */,
			);
			runOnlyForDeploymentPostprocessing = 0;
		};
		1043C7C31FCD13E300D5E0E3 /* Sources */ = {
			isa = PBXSourcesBuildPhase;
			buildActionMask = 2147483647;
			files = (
				1043C7CC1FCD13E300D5E0E3 /* Healthy_HeartTests.swift in Sources */,
			);
			runOnlyForDeploymentPostprocessing = 0;
		};
		1043C7CE1FCD13E300D5E0E3 /* Sources */ = {
			isa = PBXSourcesBuildPhase;
			buildActionMask = 2147483647;
			files = (
				1043C7D71FCD13E300D5E0E3 /* Healthy_HeartUITests.swift in Sources */,
			);
			runOnlyForDeploymentPostprocessing = 0;
		};
/* End PBXSourcesBuildPhase section */

/* Begin PBXTargetDependency section */
		1043C7C91FCD13E300D5E0E3 /* PBXTargetDependency */ = {
			isa = PBXTargetDependency;
			target = 1043C7AF1FCD13E200D5E0E3 /* Healthy Heart */;
			targetProxy = 1043C7C81FCD13E300D5E0E3 /* PBXContainerItemProxy */;
		};
		1043C7D41FCD13E300D5E0E3 /* PBXTargetDependency */ = {
			isa = PBXTargetDependency;
			target = 1043C7AF1FCD13E200D5E0E3 /* Healthy Heart */;
			targetProxy = 1043C7D31FCD13E300D5E0E3 /* PBXContainerItemProxy */;
		};
/* End PBXTargetDependency section */

/* Begin PBXVariantGroup section */
		1043C7B71FCD13E200D5E0E3 /* Main.storyboard */ = {
			isa = PBXVariantGroup;
			children = (
				1043C7B81FCD13E200D5E0E3 /* Base */,
			);
			name = Main.storyboard;
			sourceTree = "<group>";
		};
		1043C7BF1FCD13E300D5E0E3 /* LaunchScreen.storyboard */ = {
			isa = PBXVariantGroup;
			children = (
				1043C7C01FCD13E300D5E0E3 /* Base */,
			);
			name = LaunchScreen.storyboard;
			sourceTree = "<group>";
		};
/* End PBXVariantGroup section */

/* Begin XCBuildConfiguration section */
		1043C7D91FCD13E300D5E0E3 /* Debug */ = {
			isa = XCBuildConfiguration;
			buildSettings = {
				ALWAYS_SEARCH_USER_PATHS = NO;
				CLANG_ANALYZER_NONNULL = YES;
				CLANG_ANALYZER_NUMBER_OBJECT_CONVERSION = YES_AGGRESSIVE;
				CLANG_CXX_LANGUAGE_STANDARD = "gnu++14";
				CLANG_CXX_LIBRARY = "libc++";
				CLANG_ENABLE_MODULES = YES;
				CLANG_ENABLE_OBJC_ARC = YES;
				CLANG_WARN_BLOCK_CAPTURE_AUTORELEASING = YES;
				CLANG_WARN_BOOL_CONVERSION = YES;
				CLANG_WARN_COMMA = YES;
				CLANG_WARN_CONSTANT_CONVERSION = YES;
				CLANG_WARN_DIRECT_OBJC_ISA_USAGE = YES_ERROR;
				CLANG_WARN_DOCUMENTATION_COMMENTS = YES;
				CLANG_WARN_EMPTY_BODY = YES;
				CLANG_WARN_ENUM_CONVERSION = YES;
				CLANG_WARN_INFINITE_RECURSION = YES;
				CLANG_WARN_INT_CONVERSION = YES;
				CLANG_WARN_NON_LITERAL_NULL_CONVERSION = YES;
				CLANG_WARN_OBJC_LITERAL_CONVERSION = YES;
				CLANG_WARN_OBJC_ROOT_CLASS = YES_ERROR;
				CLANG_WARN_RANGE_LOOP_ANALYSIS = YES;
				CLANG_WARN_STRICT_PROTOTYPES = YES;
				CLANG_WARN_SUSPICIOUS_MOVE = YES;
				CLANG_WARN_UNGUARDED_AVAILABILITY = YES_AGGRESSIVE;
				CLANG_WARN_UNREACHABLE_CODE = YES;
				CLANG_WARN__DUPLICATE_METHOD_MATCH = YES;
				CODE_SIGN_IDENTITY = "iPhone Developer";
				COPY_PHASE_STRIP = NO;
				DEBUG_INFORMATION_FORMAT = dwarf;
				ENABLE_STRICT_OBJC_MSGSEND = YES;
				ENABLE_TESTABILITY = YES;
				GCC_C_LANGUAGE_STANDARD = gnu11;
				GCC_DYNAMIC_NO_PIC = NO;
				GCC_NO_COMMON_BLOCKS = YES;
				GCC_OPTIMIZATION_LEVEL = 0;
				GCC_PREPROCESSOR_DEFINITIONS = (
					"DEBUG=1",
					"$(inherited)",
				);
				GCC_WARN_64_TO_32_BIT_CONVERSION = YES;
				GCC_WARN_ABOUT_RETURN_TYPE = YES_ERROR;
				GCC_WARN_UNDECLARED_SELECTOR = YES;
				GCC_WARN_UNINITIALIZED_AUTOS = YES_AGGRESSIVE;
				GCC_WARN_UNUSED_FUNCTION = YES;
				GCC_WARN_UNUSED_VARIABLE = YES;
				IPHONEOS_DEPLOYMENT_TARGET = 11.1;
				MTL_ENABLE_DEBUG_INFO = YES;
				ONLY_ACTIVE_ARCH = YES;
				SDKROOT = iphoneos;
				SWIFT_ACTIVE_COMPILATION_CONDITIONS = DEBUG;
				SWIFT_OPTIMIZATION_LEVEL = "-Onone";
			};
			name = Debug;
		};
		1043C7DA1FCD13E300D5E0E3 /* Release */ = {
			isa = XCBuildConfiguration;
			buildSettings = {
				ALWAYS_SEARCH_USER_PATHS = NO;
				CLANG_ANALYZER_NONNULL = YES;
				CLANG_ANALYZER_NUMBER_OBJECT_CONVERSION = YES_AGGRESSIVE;
				CLANG_CXX_LANGUAGE_STANDARD = "gnu++14";
				CLANG_CXX_LIBRARY = "libc++";
				CLANG_ENABLE_MODULES = YES;
				CLANG_ENABLE_OBJC_ARC = YES;
				CLANG_WARN_BLOCK_CAPTURE_AUTORELEASING = YES;
				CLANG_WARN_BOOL_CONVERSION = YES;
				CLANG_WARN_COMMA = YES;
				CLANG_WARN_CONSTANT_CONVERSION = YES;
				CLANG_WARN_DIRECT_OBJC_ISA_USAGE = YES_ERROR;
				CLANG_WARN_DOCUMENTATION_COMMENTS = YES;
				CLANG_WARN_EMPTY_BODY = YES;
				CLANG_WARN_ENUM_CONVERSION = YES;
				CLANG_WARN_INFINITE_RECURSION = YES;
				CLANG_WARN_INT_CONVERSION = YES;
				CLANG_WARN_NON_LITERAL_NULL_CONVERSION = YES;
				CLANG_WARN_OBJC_LITERAL_CONVERSION = YES;
				CLANG_WARN_OBJC_ROOT_CLASS = YES_ERROR;
				CLANG_WARN_RANGE_LOOP_ANALYSIS = YES;
				CLANG_WARN_STRICT_PROTOTYPES = YES;
				CLANG_WARN_SUSPICIOUS_MOVE = YES;
				CLANG_WARN_UNGUARDED_AVAILABILITY = YES_AGGRESSIVE;
				CLANG_WARN_UNREACHABLE_CODE = YES;
				CLANG_WARN__DUPLICATE_METHOD_MATCH = YES;
				CODE_SIGN_IDENTITY = "iPhone Developer";
				COPY_PHASE_STRIP = NO;
				DEBUG_INFORMATION_FORMAT = "dwarf-with-dsym";
				ENABLE_NS_ASSERTIONS = NO;
				ENABLE_STRICT_OBJC_MSGSEND = YES;
				GCC_C_LANGUAGE_STANDARD = gnu11;
				GCC_NO_COMMON_BLOCKS = YES;
				GCC_WARN_64_TO_32_BIT_CONVERSION = YES;
				GCC_WARN_ABOUT_RETURN_TYPE = YES_ERROR;
				GCC_WARN_UNDECLARED_SELECTOR = YES;
				GCC_WARN_UNINITIALIZED_AUTOS = YES_AGGRESSIVE;
				GCC_WARN_UNUSED_FUNCTION = YES;
				GCC_WARN_UNUSED_VARIABLE = YES;
				IPHONEOS_DEPLOYMENT_TARGET = 11.1;
				MTL_ENABLE_DEBUG_INFO = NO;
				SDKROOT = iphoneos;
				SWIFT_OPTIMIZATION_LEVEL = "-Owholemodule";
				VALIDATE_PRODUCT = YES;
			};
			name = Release;
		};
		1043C7DC1FCD13E300D5E0E3 /* Debug */ = {
			isa = XCBuildConfiguration;
			baseConfigurationReference = ECE6E5BA72DDFD5D834FA7C6 /* Pods-Healthy Heart.debug.xcconfig */;
			buildSettings = {
				ASSETCATALOG_COMPILER_APPICON_NAME = AppIcon;
				CODE_SIGN_ENTITLEMENTS = "Healthy Heart/Healthy Heart.entitlements";
				CODE_SIGN_STYLE = Automatic;
				DEVELOPMENT_TEAM = GQZRSJ2QMT;
				INFOPLIST_FILE = "Healthy Heart/Info.plist";
				LD_RUNPATH_SEARCH_PATHS = "$(inherited) @executable_path/Frameworks";
				PRODUCT_BUNDLE_IDENTIFIER = "ESCOM.Healthy-Heart";
				PRODUCT_NAME = "$(TARGET_NAME)";
				SWIFT_VERSION = 4.0;
				TARGETED_DEVICE_FAMILY = 1;
			};
			name = Debug;
		};
		1043C7DD1FCD13E300D5E0E3 /* Release */ = {
			isa = XCBuildConfiguration;
			baseConfigurationReference = B2F830CBD2450969EE7C236A /* Pods-Healthy Heart.release.xcconfig */;
			buildSettings = {
				ASSETCATALOG_COMPILER_APPICON_NAME = AppIcon;
				CODE_SIGN_ENTITLEMENTS = "Healthy Heart/Healthy Heart.entitlements";
				CODE_SIGN_STYLE = Automatic;
				DEVELOPMENT_TEAM = GQZRSJ2QMT;
				INFOPLIST_FILE = "Healthy Heart/Info.plist";
				LD_RUNPATH_SEARCH_PATHS = "$(inherited) @executable_path/Frameworks";
				PRODUCT_BUNDLE_IDENTIFIER = "ESCOM.Healthy-Heart";
				PRODUCT_NAME = "$(TARGET_NAME)";
				SWIFT_VERSION = 4.0;
				TARGETED_DEVICE_FAMILY = 1;
			};
			name = Release;
		};
		1043C7DF1FCD13E300D5E0E3 /* Debug */ = {
			isa = XCBuildConfiguration;
			baseConfigurationReference = EC9412C2E9E8659E136E66AD /* Pods-Healthy HeartTests.debug.xcconfig */;
			buildSettings = {
				ALWAYS_EMBED_SWIFT_STANDARD_LIBRARIES = YES;
				BUNDLE_LOADER = "$(TEST_HOST)";
				CODE_SIGN_STYLE = Automatic;
				DEVELOPMENT_TEAM = GQZRSJ2QMT;
				INFOPLIST_FILE = "Healthy HeartTests/Info.plist";
				LD_RUNPATH_SEARCH_PATHS = "$(inherited) @executable_path/Frameworks @loader_path/Frameworks";
				PRODUCT_BUNDLE_IDENTIFIER = "ESCOM.Healthy-HeartTests";
				PRODUCT_NAME = "$(TARGET_NAME)";
				SWIFT_VERSION = 4.0;
				TARGETED_DEVICE_FAMILY = "1,2";
				TEST_HOST = "$(BUILT_PRODUCTS_DIR)/Healthy Heart.app/Healthy Heart";
			};
			name = Debug;
		};
		1043C7E01FCD13E300D5E0E3 /* Release */ = {
			isa = XCBuildConfiguration;
			baseConfigurationReference = B47941F7B9714670C0C62B2B /* Pods-Healthy HeartTests.release.xcconfig */;
			buildSettings = {
				ALWAYS_EMBED_SWIFT_STANDARD_LIBRARIES = YES;
				BUNDLE_LOADER = "$(TEST_HOST)";
				CODE_SIGN_STYLE = Automatic;
				DEVELOPMENT_TEAM = GQZRSJ2QMT;
				INFOPLIST_FILE = "Healthy HeartTests/Info.plist";
				LD_RUNPATH_SEARCH_PATHS = "$(inherited) @executable_path/Frameworks @loader_path/Frameworks";
				PRODUCT_BUNDLE_IDENTIFIER = "ESCOM.Healthy-HeartTests";
				PRODUCT_NAME = "$(TARGET_NAME)";
				SWIFT_VERSION = 4.0;
				TARGETED_DEVICE_FAMILY = "1,2";
				TEST_HOST = "$(BUILT_PRODUCTS_DIR)/Healthy Heart.app/Healthy Heart";
			};
			name = Release;
		};
		1043C7E21FCD13E300D5E0E3 /* Debug */ = {
			isa = XCBuildConfiguration;
			baseConfigurationReference = 95E8EB1960CD7B3B686358D5 /* Pods-Healthy HeartUITests.debug.xcconfig */;
			buildSettings = {
				ALWAYS_EMBED_SWIFT_STANDARD_LIBRARIES = YES;
				CODE_SIGN_STYLE = Automatic;
				DEVELOPMENT_TEAM = GQZRSJ2QMT;
				INFOPLIST_FILE = "Healthy HeartUITests/Info.plist";
				LD_RUNPATH_SEARCH_PATHS = "$(inherited) @executable_path/Frameworks @loader_path/Frameworks";
				PRODUCT_BUNDLE_IDENTIFIER = "ESCOM.Healthy-HeartUITests";
				PRODUCT_NAME = "$(TARGET_NAME)";
				SWIFT_VERSION = 4.0;
				TARGETED_DEVICE_FAMILY = "1,2";
				TEST_TARGET_NAME = "Healthy Heart";
			};
			name = Debug;
		};
		1043C7E31FCD13E300D5E0E3 /* Release */ = {
			isa = XCBuildConfiguration;
			baseConfigurationReference = F8BBEE2D226FD9FC653052CD /* Pods-Healthy HeartUITests.release.xcconfig */;
			buildSettings = {
				ALWAYS_EMBED_SWIFT_STANDARD_LIBRARIES = YES;
				CODE_SIGN_STYLE = Automatic;
				DEVELOPMENT_TEAM = GQZRSJ2QMT;
				INFOPLIST_FILE = "Healthy HeartUITests/Info.plist";
				LD_RUNPATH_SEARCH_PATHS = "$(inherited) @executable_path/Frameworks @loader_path/Frameworks";
				PRODUCT_BUNDLE_IDENTIFIER = "ESCOM.Healthy-HeartUITests";
				PRODUCT_NAME = "$(TARGET_NAME)";
				SWIFT_VERSION = 4.0;
				TARGETED_DEVICE_FAMILY = "1,2";
				TEST_TARGET_NAME = "Healthy Heart";
			};
			name = Release;
		};
/* End XCBuildConfiguration section */

/* Begin XCConfigurationList section */
		1043C7AB1FCD13E200D5E0E3 /* Build configuration list for PBXProject "Healthy Heart" */ = {
			isa = XCConfigurationList;
			buildConfigurations = (
				1043C7D91FCD13E300D5E0E3 /* Debug */,
				1043C7DA1FCD13E300D5E0E3 /* Release */,
			);
			defaultConfigurationIsVisible = 0;
			defaultConfigurationName = Release;
		};
		1043C7DB1FCD13E300D5E0E3 /* Build configuration list for PBXNativeTarget "Healthy Heart" */ = {
			isa = XCConfigurationList;
			buildConfigurations = (
				1043C7DC1FCD13E300D5E0E3 /* Debug */,
				1043C7DD1FCD13E300D5E0E3 /* Release */,
			);
			defaultConfigurationIsVisible = 0;
			defaultConfigurationName = Release;
		};
		1043C7DE1FCD13E300D5E0E3 /* Build configuration list for PBXNativeTarget "Healthy HeartTests" */ = {
			isa = XCConfigurationList;
			buildConfigurations = (
				1043C7DF1FCD13E300D5E0E3 /* Debug */,
				1043C7E01FCD13E300D5E0E3 /* Release */,
			);
			defaultConfigurationIsVisible = 0;
			defaultConfigurationName = Release;
		};
		1043C7E11FCD13E300D5E0E3 /* Build configuration list for PBXNativeTarget "Healthy HeartUITests" */ = {
			isa = XCConfigurationList;
			buildConfigurations = (
				1043C7E21FCD13E300D5E0E3 /* Debug */,
				1043C7E31FCD13E300D5E0E3 /* Release */,
			);
			defaultConfigurationIsVisible = 0;
			defaultConfigurationName = Release;
		};
/* End XCConfigurationList section */

/* Begin XCVersionGroup section */
		1043C7BA1FCD13E300D5E0E3 /* Healthy_Heart.xcdatamodeld */ = {
			isa = XCVersionGroup;
			children = (
				1043C7BB1FCD13E300D5E0E3 /* Healthy_Heart.xcdatamodel */,
			);
			currentVersion = 1043C7BB1FCD13E300D5E0E3 /* Healthy_Heart.xcdatamodel */;
			path = Healthy_Heart.xcdatamodeld;
			sourceTree = "<group>";
			versionGroupType = wrapper.xcdatamodel;
		};
/* End XCVersionGroup section */
	};
	rootObject = 1043C7A81FCD13E200D5E0E3 /* Project object */;
}
